
Microsoft Visual Studio Solution File, Format Version 12.00
# Visual Studio 15
VisualStudioVersion = 15.0.27130.2024
MinimumVisualStudioVersion = 10.0.40219.1
Project("{9A19103F-16F7-4668-BE54-9A1E7A4F7556}") = "ChainOfResponsibility", "ChainOfResponsibility.csproj", "{C2CE13B8-F948-4D99-A475-44BB1DBD15E4}"
EndProject
Global
	GlobalSection(SolutionConfigurationPlatforms) = preSolution
		Debug|Any CPU = Debug|Any CPU
		Release|Any CPU = Release|Any CPU
	EndGlobalSection
	GlobalSection(ProjectConfigurationPlatforms) = postSolution
		{C2CE13B8-F948-4D99-A475-44BB1DBD15E4}.Debug|Any CPU.ActiveCfg = Debug|Any CPU
		{C2CE13B8-F948-4D99-A475-44BB1DBD15E4}.Debug|Any CPU.Build.0 = Debug|Any CPU
		{C2CE13B8-F948-4D99-A475-44BB1DBD15E4}.Release|Any CPU.ActiveCfg = Release|Any CPU
		{C2CE13B8-F948-4D99-A475-44BB1DBD15E4}.Release|Any CPU.Build.0 = Release|Any CPU
	EndGlobalSection
	GlobalSection(SolutionProperties) = preSolution
		HideSolutionNode = FALSE
	EndGlobalSection
	GlobalSection(ExtensibilityGlobals) = postSolution
		SolutionGuid = {ABF4CDE8-DEDC-4D39-AE33-B92B31BEE852}
	EndGlobalSection
EndGlobal
